
Microsoft Visual Studio Solution File, Format Version 12.00
# Visual Studio Version 17
VisualStudioVersion = 17.7.34024.191
MinimumVisualStudioVersion = 10.0.40219.1
Project("{9A19103F-16F7-4668-BE54-9A1E7A4F7556}") = "OrchardDecoupled", "OrchardDecoupled\OrchardDecoupled.csproj", "{7F5952A7-DFF5-4ABA-B120-8EC75D8AF5EB}"
EndProject
Global
	GlobalSection(SolutionConfigurationPlatforms) = preSolution
		Debug|Any CPU = Debug|Any CPU
		Release|Any CPU = Release|Any CPU
	EndGlobalSection
	GlobalSection(ProjectConfigurationPlatforms) = postSolution
		{7F5952A7-DFF5-4ABA-B120-8EC75D8AF5EB}.Debug|Any CPU.ActiveCfg = Debug|Any CPU
		{7F5952A7-DFF5-4ABA-B120-8EC75D8AF5EB}.Debug|Any CPU.Build.0 = Debug|Any CPU
		{7F5952A7-DFF5-4ABA-B120-8EC75D8AF5EB}.Release|Any CPU.ActiveCfg = Release|Any CPU
		{7F5952A7-DFF5-4ABA-B120-8EC75D8AF5EB}.Release|Any CPU.Build.0 = Release|Any CPU
	EndGlobalSection
	GlobalSection(SolutionProperties) = preSolution
		HideSolutionNode = FALSE
	EndGlobalSection
	GlobalSection(ExtensibilityGlobals) = postSolution
		SolutionGuid = {1A061A09-2825-4D75-A054-5C4E46EC8335}
	EndGlobalSection
EndGlobal
